// !$*UTF8*$!
{
	archiveVersion = 1;
	classes = {
	};
	objectVersion = 46;
	objects = {

/* Begin PBXBuildFile section */
		1B3100291D74220700225317 /* UIButton+touch.m in Sources */ = {isa = PBXBuildFile; fileRef = 1B3100281D74220700225317 /* UIButton+touch.m */; };
		1B8F71901D71E6D900D19E85 /* main.m in Sources */ = {isa = PBXBuildFile; fileRef = 1B8F718F1D71E6D900D19E85 /* main.m */; };
		1B8F71931D71E6D900D19E85 /* AppDelegate.m in Sources */ = {isa = PBXBuildFile; fileRef = 1B8F71921D71E6D900D19E85 /* AppDelegate.m */; };
		1B8F71C51D71E87400D19E85 /* Images.xcassets in Resources */ = {isa = PBXBuildFile; fileRef = 1B8F71C41D71E87400D19E85 /* Images.xcassets */; };
		1B8F71C61D71E87400D19E85 /* Images.xcassets in Resources */ = {isa = PBXBuildFile; fileRef = 1B8F71C41D71E87400D19E85 /* Images.xcassets */; };
		1B8F71C71D71E87400D19E85 /* Images.xcassets in Resources */ = {isa = PBXBuildFile; fileRef = 1B8F71C41D71E87400D19E85 /* Images.xcassets */; };
		1B8F71D71D71EA2F00D19E85 /* UIColor+Extension.m in Sources */ = {isa = PBXBuildFile; fileRef = 1B8F71D61D71EA2F00D19E85 /* UIColor+Extension.m */; };
		1B8F71D81D71EA2F00D19E85 /* UIColor+Extension.m in Sources */ = {isa = PBXBuildFile; fileRef = 1B8F71D61D71EA2F00D19E85 /* UIColor+Extension.m */; };
		1B8F71D91D71EA2F00D19E85 /* UIColor+Extension.m in Sources */ = {isa = PBXBuildFile; fileRef = 1B8F71D61D71EA2F00D19E85 /* UIColor+Extension.m */; };
		1B8F71E11D71EFCE00D19E85 /* UIImageView+Hack.m in Sources */ = {isa = PBXBuildFile; fileRef = 1B8F71E01D71EFCE00D19E85 /* UIImageView+Hack.m */; };
		1B8F71E21D71EFCE00D19E85 /* UIImageView+Hack.m in Sources */ = {isa = PBXBuildFile; fileRef = 1B8F71E01D71EFCE00D19E85 /* UIImageView+Hack.m */; };
		1B8F71E31D71EFCE00D19E85 /* UIImageView+Hack.m in Sources */ = {isa = PBXBuildFile; fileRef = 1B8F71E01D71EFCE00D19E85 /* UIImageView+Hack.m */; };
		1BF710341D7290D700BC7B04 /* ViewController.m in Sources */ = {isa = PBXBuildFile; fileRef = 1BF710331D7290D700BC7B04 /* ViewController.m */; };
		1BF710371D72915600BC7B04 /* YYModel.m in Sources */ = {isa = PBXBuildFile; fileRef = 1BF710361D72915600BC7B04 /* YYModel.m */; };
		1BF7103A1D72917200BC7B04 /* NSObject+Runtime.m in Sources */ = {isa = PBXBuildFile; fileRef = 1BF710391D72917200BC7B04 /* NSObject+Runtime.m */; };
/* End PBXBuildFile section */

/* Begin PBXContainerItemProxy section */
		1B8F71A51D71E6D900D19E85 /* PBXContainerItemProxy */ = {
			isa = PBXContainerItemProxy;
			containerPortal = 1B8F71831D71E6D900D19E85 /* Project object */;
			proxyType = 1;
			remoteGlobalIDString = 1B8F718A1D71E6D900D19E85;
			remoteInfo = ThreeDay;
		};
		1B8F71B01D71E6D900D19E85 /* PBXContainerItemProxy */ = {
			isa = PBXContainerItemProxy;
			containerPortal = 1B8F71831D71E6D900D19E85 /* Project object */;
			proxyType = 1;
			remoteGlobalIDString = 1B8F718A1D71E6D900D19E85;
			remoteInfo = ThreeDay;
		};
/* End PBXContainerItemProxy section */

/* Begin PBXFileReference section */
		1B3100271D74220700225317 /* UIButton+touch.h */ = {isa = PBXFileReference; fileEncoding = 4; lastKnownFileType = sourcecode.c.h; path = "UIButton+touch.h"; sourceTree = "<group>"; };
		1B3100281D74220700225317 /* UIButton+touch.m */ = {isa = PBXFileReference; fileEncoding = 4; lastKnownFileType = sourcecode.c.objc; path = "UIButton+touch.m"; sourceTree = "<group>"; };
		1B8F718B1D71E6D900D19E85 /* RunTimeDemo.app */ = {isa = PBXFileReference; explicitFileType = wrapper.application; includeInIndex = 0; path = RunTimeDemo.app; sourceTree = BUILT_PRODUCTS_DIR; };
		1B8F718F1D71E6D900D19E85 /* main.m */ = {isa = PBXFileReference; lastKnownFileType = sourcecode.c.objc; path = main.m; sourceTree = "<group>"; };
		1B8F71911D71E6D900D19E85 /* AppDelegate.h */ = {isa = PBXFileReference; lastKnownFileType = sourcecode.c.h; path = AppDelegate.h; sourceTree = "<group>"; };
		1B8F71921D71E6D900D19E85 /* AppDelegate.m */ = {isa = PBXFileReference; lastKnownFileType = sourcecode.c.objc; path = AppDelegate.m; sourceTree = "<group>"; };
		1B8F719F1D71E6D900D19E85 /* Info.plist */ = {isa = PBXFileReference; lastKnownFileType = text.plist.xml; path = Info.plist; sourceTree = "<group>"; };
		1B8F71A41D71E6D900D19E85 /* RunTimeDemo.xctest */ = {isa = PBXFileReference; explicitFileType = wrapper.cfbundle; includeInIndex = 0; path = RunTimeDemo.xctest; sourceTree = BUILT_PRODUCTS_DIR; };
		1B8F71AF1D71E6D900D19E85 /* RunTimeDemo.xctest */ = {isa = PBXFileReference; explicitFileType = wrapper.cfbundle; includeInIndex = 0; path = RunTimeDemo.xctest; sourceTree = BUILT_PRODUCTS_DIR; };
		1B8F71C41D71E87400D19E85 /* Images.xcassets */ = {isa = PBXFileReference; lastKnownFileType = folder.assetcatalog; path = Images.xcassets; sourceTree = "<group>"; };
		1B8F71C81D71E89600D19E85 /* PrefixHeader.pch */ = {isa = PBXFileReference; lastKnownFileType = sourcecode.c.h; path = PrefixHeader.pch; sourceTree = "<group>"; };
		1B8F71CA1D71E90000D19E85 /* APIStringMacros.h */ = {isa = PBXFileReference; fileEncoding = 4; lastKnownFileType = sourcecode.c.h; path = APIStringMacros.h; sourceTree = "<group>"; };
		1B8F71CB1D71E90000D19E85 /* DimensMacros.h */ = {isa = PBXFileReference; fileEncoding = 4; lastKnownFileType = sourcecode.c.h; path = DimensMacros.h; sourceTree = "<group>"; };
		1B8F71CC1D71E90000D19E85 /* Header.h */ = {isa = PBXFileReference; fileEncoding = 4; lastKnownFileType = sourcecode.c.h; path = Header.h; sourceTree = "<group>"; };
		1B8F71CD1D71E90000D19E85 /* Macros.h */ = {isa = PBXFileReference; fileEncoding = 4; lastKnownFileType = sourcecode.c.h; path = Macros.h; sourceTree = "<group>"; };
		1B8F71CE1D71E90000D19E85 /* NotificationMacros.h */ = {isa = PBXFileReference; fileEncoding = 4; lastKnownFileType = sourcecode.c.h; path = NotificationMacros.h; sourceTree = "<group>"; };
		1B8F71CF1D71E90000D19E85 /* PathMacros.h */ = {isa = PBXFileReference; fileEncoding = 4; lastKnownFileType = sourcecode.c.h; path = PathMacros.h; sourceTree = "<group>"; };
		1B8F71D01D71E90000D19E85 /* SharePlatformMacros.h */ = {isa = PBXFileReference; fileEncoding = 4; lastKnownFileType = sourcecode.c.h; path = SharePlatformMacros.h; sourceTree = "<group>"; };
		1B8F71D11D71E90000D19E85 /* StringMacros.h */ = {isa = PBXFileReference; fileEncoding = 4; lastKnownFileType = sourcecode.c.h; path = StringMacros.h; sourceTree = "<group>"; };
		1B8F71D21D71E90000D19E85 /* UserBehaviorMacros.h */ = {isa = PBXFileReference; fileEncoding = 4; lastKnownFileType = sourcecode.c.h; path = UserBehaviorMacros.h; sourceTree = "<group>"; };
		1B8F71D31D71E90000D19E85 /* UtilsMacros.h */ = {isa = PBXFileReference; fileEncoding = 4; lastKnownFileType = sourcecode.c.h; path = UtilsMacros.h; sourceTree = "<group>"; };
		1B8F71D51D71EA2F00D19E85 /* UIColor+Extension.h */ = {isa = PBXFileReference; fileEncoding = 4; lastKnownFileType = sourcecode.c.h; path = "UIColor+Extension.h"; sourceTree = "<group>"; };
		1B8F71D61D71EA2F00D19E85 /* UIColor+Extension.m */ = {isa = PBXFileReference; fileEncoding = 4; lastKnownFileType = sourcecode.c.objc; path = "UIColor+Extension.m"; sourceTree = "<group>"; };
		1B8F71DF1D71EFCE00D19E85 /* UIImageView+Hack.h */ = {isa = PBXFileReference; fileEncoding = 4; lastKnownFileType = sourcecode.c.h; path = "UIImageView+Hack.h"; sourceTree = "<group>"; };
		1B8F71E01D71EFCE00D19E85 /* UIImageView+Hack.m */ = {isa = PBXFileReference; fileEncoding = 4; lastKnownFileType = sourcecode.c.objc; path = "UIImageView+Hack.m"; sourceTree = "<group>"; };
		1BF710321D7290D700BC7B04 /* ViewController.h */ = {isa = PBXFileReference; fileEncoding = 4; lastKnownFileType = sourcecode.c.h; path = ViewController.h; sourceTree = "<group>"; };
		1BF710331D7290D700BC7B04 /* ViewController.m */ = {isa = PBXFileReference; fileEncoding = 4; lastKnownFileType = sourcecode.c.objc; path = ViewController.m; sourceTree = "<group>"; };
		1BF710351D72915500BC7B04 /* YYModel.h */ = {isa = PBXFileReference; fileEncoding = 4; lastKnownFileType = sourcecode.c.h; path = YYModel.h; sourceTree = "<group>"; };
		1BF710361D72915600BC7B04 /* YYModel.m */ = {isa = PBXFileReference; fileEncoding = 4; lastKnownFileType = sourcecode.c.objc; path = YYModel.m; sourceTree = "<group>"; };
		1BF710381D72917200BC7B04 /* NSObject+Runtime.h */ = {isa = PBXFileReference; fileEncoding = 4; lastKnownFileType = sourcecode.c.h; path = "NSObject+Runtime.h"; sourceTree = "<group>"; };
		1BF710391D72917200BC7B04 /* NSObject+Runtime.m */ = {isa = PBXFileReference; fileEncoding = 4; lastKnownFileType = sourcecode.c.objc; path = "NSObject+Runtime.m"; sourceTree = "<group>"; };
/* End PBXFileReference section */

/* Begin PBXFrameworksBuildPhase section */
		1B8F71881D71E6D900D19E85 /* Frameworks */ = {
			isa = PBXFrameworksBuildPhase;
			buildActionMask = 2147483647;
			files = (
			);
			runOnlyForDeploymentPostprocessing = 0;
		};
		1B8F71A11D71E6D900D19E85 /* Frameworks */ = {
			isa = PBXFrameworksBuildPhase;
			buildActionMask = 2147483647;
			files = (
			);
			runOnlyForDeploymentPostprocessing = 0;
		};
		1B8F71AC1D71E6D900D19E85 /* Frameworks */ = {
			isa = PBXFrameworksBuildPhase;
			buildActionMask = 2147483647;
			files = (
			);
			runOnlyForDeploymentPostprocessing = 0;
		};
/* End PBXFrameworksBuildPhase section */

/* Begin PBXGroup section */
		1B8F71821D71E6D900D19E85 = {
			isa = PBXGroup;
			children = (
				1B8F718D1D71E6D900D19E85 /* RunTimeDemo */,
				1B8F718C1D71E6D900D19E85 /* Products */,
			);
			sourceTree = "<group>";
		};
		1B8F718C1D71E6D900D19E85 /* Products */ = {
			isa = PBXGroup;
			children = (
				1B8F718B1D71E6D900D19E85 /* RunTimeDemo.app */,
				1B8F71A41D71E6D900D19E85 /* RunTimeDemo.xctest */,
				1B8F71AF1D71E6D900D19E85 /* RunTimeDemo.xctest */,
			);
			name = Products;
			sourceTree = "<group>";
		};
		1B8F718D1D71E6D900D19E85 /* RunTimeDemo */ = {
			isa = PBXGroup;
			children = (
				1B8F71911D71E6D900D19E85 /* AppDelegate.h */,
				1B8F71921D71E6D900D19E85 /* AppDelegate.m */,
				1BF710311D7290D700BC7B04 /* Classes */,
				1B8F71D41D71EA1200D19E85 /* Lib */,
				1B8F71C91D71E90000D19E85 /* Macros */,
				1B8F718E1D71E6D900D19E85 /* Supporting Files */,
			);
			name = RunTimeDemo;
			path = ThreeDay;
			sourceTree = "<group>";
		};
		1B8F718E1D71E6D900D19E85 /* Supporting Files */ = {
			isa = PBXGroup;
			children = (
				1B8F719F1D71E6D900D19E85 /* Info.plist */,
				1B8F71C41D71E87400D19E85 /* Images.xcassets */,
				1B8F71C81D71E89600D19E85 /* PrefixHeader.pch */,
				1B8F718F1D71E6D900D19E85 /* main.m */,
			);
			name = "Supporting Files";
			sourceTree = "<group>";
		};
		1B8F71C91D71E90000D19E85 /* Macros */ = {
			isa = PBXGroup;
			children = (
				1B8F71CD1D71E90000D19E85 /* Macros.h */,
				1B8F71CC1D71E90000D19E85 /* Header.h */,
				1B8F71CA1D71E90000D19E85 /* APIStringMacros.h */,
				1B8F71CB1D71E90000D19E85 /* DimensMacros.h */,
				1B8F71CE1D71E90000D19E85 /* NotificationMacros.h */,
				1B8F71CF1D71E90000D19E85 /* PathMacros.h */,
				1B8F71D01D71E90000D19E85 /* SharePlatformMacros.h */,
				1B8F71D11D71E90000D19E85 /* StringMacros.h */,
				1B8F71D21D71E90000D19E85 /* UserBehaviorMacros.h */,
				1B8F71D31D71E90000D19E85 /* UtilsMacros.h */,
			);
			path = Macros;
			sourceTree = "<group>";
		};
		1B8F71D41D71EA1200D19E85 /* Lib */ = {
			isa = PBXGroup;
			children = (
				1B3100271D74220700225317 /* UIButton+touch.h */,
				1B3100281D74220700225317 /* UIButton+touch.m */,
				1B8F71D51D71EA2F00D19E85 /* UIColor+Extension.h */,
				1B8F71D61D71EA2F00D19E85 /* UIColor+Extension.m */,
				1B8F71DF1D71EFCE00D19E85 /* UIImageView+Hack.h */,
				1B8F71E01D71EFCE00D19E85 /* UIImageView+Hack.m */,
			);
			path = Lib;
			sourceTree = "<group>";
		};
		1BF710311D7290D700BC7B04 /* Classes */ = {
			isa = PBXGroup;
			children = (
				1BF710321D7290D700BC7B04 /* ViewController.h */,
				1BF710331D7290D700BC7B04 /* ViewController.m */,
				1BF710351D72915500BC7B04 /* YYModel.h */,
				1BF710361D72915600BC7B04 /* YYModel.m */,
				1BF710381D72917200BC7B04 /* NSObject+Runtime.h */,
				1BF710391D72917200BC7B04 /* NSObject+Runtime.m */,
			);
			path = Classes;
			sourceTree = "<group>";
		};
/* End PBXGroup section */

/* Begin PBXNativeTarget section */
		1B8F718A1D71E6D900D19E85 /* RunTimeDemo */ = {
			isa = PBXNativeTarget;
			buildConfigurationList = 1B8F71B81D71E6D900D19E85 /* Build configuration list for PBXNativeTarget "RunTimeDemo" */;
			buildPhases = (
				1B8F71871D71E6D900D19E85 /* Sources */,
				1B8F71881D71E6D900D19E85 /* Frameworks */,
				1B8F71891D71E6D900D19E85 /* Resources */,
			);
			buildRules = (
			);
			dependencies = (
			);
			name = RunTimeDemo;
			productName = ThreeDay;
			productReference = 1B8F718B1D71E6D900D19E85 /* RunTimeDemo.app */;
			productType = "com.apple.product-type.application";
		};
		1B8F71A31D71E6D900D19E85 /* RunTimeDemoTests */ = {
			isa = PBXNativeTarget;
			buildConfigurationList = 1B8F71BB1D71E6D900D19E85 /* Build configuration list for PBXNativeTarget "RunTimeDemoTests" */;
			buildPhases = (
				1B8F71A01D71E6D900D19E85 /* Sources */,
				1B8F71A11D71E6D900D19E85 /* Frameworks */,
				1B8F71A21D71E6D900D19E85 /* Resources */,
			);
			buildRules = (
			);
			dependencies = (
				1B8F71A61D71E6D900D19E85 /* PBXTargetDependency */,
			);
			name = RunTimeDemoTests;
			productName = ThreeDayTests;
			productReference = 1B8F71A41D71E6D900D19E85 /* RunTimeDemo.xctest */;
			productType = "com.apple.product-type.bundle.unit-test";
		};
		1B8F71AE1D71E6D900D19E85 /* RunTimeDemoUITests */ = {
			isa = PBXNativeTarget;
			buildConfigurationList = 1B8F71BE1D71E6D900D19E85 /* Build configuration list for PBXNativeTarget "RunTimeDemoUITests" */;
			buildPhases = (
				1B8F71AB1D71E6D900D19E85 /* Sources */,
				1B8F71AC1D71E6D900D19E85 /* Frameworks */,
				1B8F71AD1D71E6D900D19E85 /* Resources */,
			);
			buildRules = (
			);
			dependencies = (
				1B8F71B11D71E6D900D19E85 /* PBXTargetDependency */,
			);
			name = RunTimeDemoUITests;
			productName = ThreeDayUITests;
			productReference = 1B8F71AF1D71E6D900D19E85 /* RunTimeDemo.xctest */;
			productType = "com.apple.product-type.bundle.ui-testing";
		};
/* End PBXNativeTarget section */

/* Begin PBXProject section */
		1B8F71831D71E6D900D19E85 /* Project object */ = {
			isa = PBXProject;
			attributes = {
				LastUpgradeCheck = 0730;
				ORGANIZATIONNAME = YY;
				TargetAttributes = {
					1B8F718A1D71E6D900D19E85 = {
						CreatedOnToolsVersion = 7.3.1;
						DevelopmentTeam = 3SMH6FE4TF;
					};
					1B8F71A31D71E6D900D19E85 = {
						CreatedOnToolsVersion = 7.3.1;
						DevelopmentTeam = 3SMH6FE4TF;
						TestTargetID = 1B8F718A1D71E6D900D19E85;
					};
					1B8F71AE1D71E6D900D19E85 = {
						CreatedOnToolsVersion = 7.3.1;
						DevelopmentTeam = 3SMH6FE4TF;
						TestTargetID = 1B8F718A1D71E6D900D19E85;
					};
				};
			};
			buildConfigurationList = 1B8F71861D71E6D900D19E85 /* Build configuration list for PBXProject "RunTimeDemo" */;
			compatibilityVersion = "Xcode 3.2";
			developmentRegion = English;
			hasScannedForEncodings = 0;
			knownRegions = (
				en,
				Base,
			);
			mainGroup = 1B8F71821D71E6D900D19E85;
			productRefGroup = 1B8F718C1D71E6D900D19E85 /* Products */;
			projectDirPath = "";
			projectRoot = "";
			targets = (
				1B8F718A1D71E6D900D19E85 /* RunTimeDemo */,
				1B8F71A31D71E6D900D19E85 /* RunTimeDemoTests */,
				1B8F71AE1D71E6D900D19E85 /* RunTimeDemoUITests */,
			);
		};
/* End PBXProject section */

/* Begin PBXResourcesBuildPhase section */
		1B8F71891D71E6D900D19E85 /* Resources */ = {
			isa = PBXResourcesBuildPhase;
			buildActionMask = 2147483647;
			files = (
				1B8F71C51D71E87400D19E85 /* Images.xcassets in Resources */,
			);
			runOnlyForDeploymentPostprocessing = 0;
		};
		1B8F71A21D71E6D900D19E85 /* Resources */ = {
			isa = PBXResourcesBuildPhase;
			buildActionMask = 2147483647;
			files = (
				1B8F71C61D71E87400D19E85 /* Images.xcassets in Resources */,
			);
			runOnlyForDeploymentPostprocessing = 0;
		};
		1B8F71AD1D71E6D900D19E85 /* Resources */ = {
			isa = PBXResourcesBuildPhase;
			buildActionMask = 2147483647;
			files = (
				1B8F71C71D71E87400D19E85 /* Images.xcassets in Resources */,
			);
			runOnlyForDeploymentPostprocessing = 0;
		};
/* End PBXResourcesBuildPhase section */

/* Begin PBXSourcesBuildPhase section */
		1B8F71871D71E6D900D19E85 /* Sources */ = {
			isa = PBXSourcesBuildPhase;
			buildActionMask = 2147483647;
			files = (
				1BF710371D72915600BC7B04 /* YYModel.m in Sources */,
				1BF710341D7290D700BC7B04 /* ViewController.m in Sources */,
				1BF7103A1D72917200BC7B04 /* NSObject+Runtime.m in Sources */,
				1B3100291D74220700225317 /* UIButton+touch.m in Sources */,
				1B8F71931D71E6D900D19E85 /* AppDelegate.m in Sources */,
				1B8F71E11D71EFCE00D19E85 /* UIImageView+Hack.m in Sources */,
				1B8F71901D71E6D900D19E85 /* main.m in Sources */,
				1B8F71D71D71EA2F00D19E85 /* UIColor+Extension.m in Sources */,
			);
			runOnlyForDeploymentPostprocessing = 0;
		};
		1B8F71A01D71E6D900D19E85 /* Sources */ = {
			isa = PBXSourcesBuildPhase;
			buildActionMask = 2147483647;
			files = (
				1B8F71E21D71EFCE00D19E85 /* UIImageView+Hack.m in Sources */,
				1B8F71D81D71EA2F00D19E85 /* UIColor+Extension.m in Sources */,
			);
			runOnlyForDeploymentPostprocessing = 0;
		};
		1B8F71AB1D71E6D900D19E85 /* Sources */ = {
			isa = PBXSourcesBuildPhase;
			buildActionMask = 2147483647;
			files = (
				1B8F71E31D71EFCE00D19E85 /* UIImageView+Hack.m in Sources */,
				1B8F71D91D71EA2F00D19E85 /* UIColor+Extension.m in Sources */,
			);
			runOnlyForDeploymentPostprocessing = 0;
		};
/* End PBXSourcesBuildPhase section */

/* Begin PBXTargetDependency section */
		1B8F71A61D71E6D900D19E85 /* PBXTargetDependency */ = {
			isa = PBXTargetDependency;
			target = 1B8F718A1D71E6D900D19E85 /* RunTimeDemo */;
			targetProxy = 1B8F71A51D71E6D900D19E85 /* PBXContainerItemProxy */;
		};
		1B8F71B11D71E6D900D19E85 /* PBXTargetDependency */ = {
			isa = PBXTargetDependency;
			target = 1B8F718A1D71E6D900D19E85 /* RunTimeDemo */;
			targetProxy = 1B8F71B01D71E6D900D19E85 /* PBXContainerItemProxy */;
		};
/* End PBXTargetDependency section */

/* Begin XCBuildConfiguration section */
		1B8F71B61D71E6D900D19E85 /* Debug */ = {
			isa = XCBuildConfiguration;
			buildSettings = {
				ALWAYS_SEARCH_USER_PATHS = NO;
				CLANG_ANALYZER_NONNULL = YES;
				CLANG_CXX_LANGUAGE_STANDARD = "gnu++0x";
				CLANG_CXX_LIBRARY = "libc++";
				CLANG_ENABLE_MODULES = YES;
				CLANG_ENABLE_OBJC_ARC = YES;
				CLANG_WARN_BOOL_CONVERSION = YES;
				CLANG_WARN_CONSTANT_CONVERSION = YES;
				CLANG_WARN_DIRECT_OBJC_ISA_USAGE = YES_ERROR;
				CLANG_WARN_EMPTY_BODY = YES;
				CLANG_WARN_ENUM_CONVERSION = YES;
				CLANG_WARN_INT_CONVERSION = YES;
				CLANG_WARN_OBJC_ROOT_CLASS = YES_ERROR;
				CLANG_WARN_UNREACHABLE_CODE = YES;
				CLANG_WARN__DUPLICATE_METHOD_MATCH = YES;
				"CODE_SIGN_IDENTITY[sdk=iphoneos*]" = "iPhone Developer";
				COPY_PHASE_STRIP = NO;
				DEBUG_INFORMATION_FORMAT = dwarf;
				ENABLE_STRICT_OBJC_MSGSEND = YES;
				ENABLE_TESTABILITY = YES;
				GCC_C_LANGUAGE_STANDARD = gnu99;
				GCC_DYNAMIC_NO_PIC = NO;
				GCC_NO_COMMON_BLOCKS = YES;
				GCC_OPTIMIZATION_LEVEL = 0;
				GCC_PREPROCESSOR_DEFINITIONS = (
					"DEBUG=1",
					"$(inherited)",
				);
				GCC_WARN_64_TO_32_BIT_CONVERSION = YES;
				GCC_WARN_ABOUT_RETURN_TYPE = YES_ERROR;
				GCC_WARN_UNDECLARED_SELECTOR = YES;
				GCC_WARN_UNINITIALIZED_AUTOS = YES_AGGRESSIVE;
				GCC_WARN_UNUSED_FUNCTION = YES;
				GCC_WARN_UNUSED_VARIABLE = YES;
				IPHONEOS_DEPLOYMENT_TARGET = 9.3;
				MTL_ENABLE_DEBUG_INFO = YES;
				ONLY_ACTIVE_ARCH = YES;
				SDKROOT = iphoneos;
				TARGETED_DEVICE_FAMILY = "1,2";
			};
			name = Debug;
		};
		1B8F71B71D71E6D900D19E85 /* Release */ = {
			isa = XCBuildConfiguration;
			buildSettings = {
				ALWAYS_SEARCH_USER_PATHS = NO;
				CLANG_ANALYZER_NONNULL = YES;
				CLANG_CXX_LANGUAGE_STANDARD = "gnu++0x";
				CLANG_CXX_LIBRARY = "libc++";
				CLANG_ENABLE_MODULES = YES;
				CLANG_ENABLE_OBJC_ARC = YES;
				CLANG_WARN_BOOL_CONVERSION = YES;
				CLANG_WARN_CONSTANT_CONVERSION = YES;
				CLANG_WARN_DIRECT_OBJC_ISA_USAGE = YES_ERROR;
				CLANG_WARN_EMPTY_BODY = YES;
				CLANG_WARN_ENUM_CONVERSION = YES;
				CLANG_WARN_INT_CONVERSION = YES;
				CLANG_WARN_OBJC_ROOT_CLASS = YES_ERROR;
				CLANG_WARN_UNREACHABLE_CODE = YES;
				CLANG_WARN__DUPLICATE_METHOD_MATCH = YES;
				"CODE_SIGN_IDENTITY[sdk=iphoneos*]" = "iPhone Developer";
				COPY_PHASE_STRIP = NO;
				DEBUG_INFORMATION_FORMAT = "dwarf-with-dsym";
				ENABLE_NS_ASSERTIONS = NO;
				ENABLE_STRICT_OBJC_MSGSEND = YES;
				GCC_C_LANGUAGE_STANDARD = gnu99;
				GCC_NO_COMMON_BLOCKS = YES;
				GCC_WARN_64_TO_32_BIT_CONVERSION = YES;
				GCC_WARN_ABOUT_RETURN_TYPE = YES_ERROR;
				GCC_WARN_UNDECLARED_SELECTOR = YES;
				GCC_WARN_UNINITIALIZED_AUTOS = YES_AGGRESSIVE;
				GCC_WARN_UNUSED_FUNCTION = YES;
				GCC_WARN_UNUSED_VARIABLE = YES;
				IPHONEOS_DEPLOYMENT_TARGET = 9.3;
				MTL_ENABLE_DEBUG_INFO = NO;
				SDKROOT = iphoneos;
				TARGETED_DEVICE_FAMILY = "1,2";
				VALIDATE_PRODUCT = YES;
			};
			name = Release;
		};
		1B8F71B91D71E6D900D19E85 /* Debug */ = {
			isa = XCBuildConfiguration;
			buildSettings = {
				ASSETCATALOG_COMPILER_APPICON_NAME = AppIcon;
				ASSETCATALOG_COMPILER_LAUNCHIMAGE_NAME = LaunchImage;
				GCC_PREFIX_HEADER = ThreeDay/PrefixHeader.pch;
				INFOPLIST_FILE = ThreeDay/Info.plist;
				IPHONEOS_DEPLOYMENT_TARGET = 8.0;
				LD_RUNPATH_SEARCH_PATHS = "$(inherited) @executable_path/Frameworks";
				PRODUCT_BUNDLE_IDENTIFIER = YY.cn.RunTimeDemo;
				PRODUCT_NAME = RunTimeDemo;
			};
			name = Debug;
		};
		1B8F71BA1D71E6D900D19E85 /* Release */ = {
			isa = XCBuildConfiguration;
			buildSettings = {
				ASSETCATALOG_COMPILER_APPICON_NAME = AppIcon;
				ASSETCATALOG_COMPILER_LAUNCHIMAGE_NAME = LaunchImage;
				GCC_PREFIX_HEADER = ThreeDay/PrefixHeader.pch;
				INFOPLIST_FILE = ThreeDay/Info.plist;
				IPHONEOS_DEPLOYMENT_TARGET = 8.0;
				LD_RUNPATH_SEARCH_PATHS = "$(inherited) @executable_path/Frameworks";
				PRODUCT_BUNDLE_IDENTIFIER = YY.cn.RunTimeDemo;
				PRODUCT_NAME = RunTimeDemo;
			};
			name = Release;
		};
		1B8F71BC1D71E6D900D19E85 /* Debug */ = {
			isa = XCBuildConfiguration;
			buildSettings = {
				BUNDLE_LOADER = "$(TEST_HOST)";
				INFOPLIST_FILE = ThreeDayTests/Info.plist;
				LD_RUNPATH_SEARCH_PATHS = "$(inherited) @executable_path/Frameworks @loader_path/Frameworks";
				PRODUCT_BUNDLE_IDENTIFIER = YY.cn.ThreeDayTests;
				PRODUCT_NAME = RunTimeDemo;
				TEST_HOST = "$(BUILT_PRODUCTS_DIR)/RunTimeDemo.app/RunTimeDemo";
			};
			name = Debug;
		};
		1B8F71BD1D71E6D900D19E85 /* Release */ = {
			isa = XCBuildConfiguration;
			buildSettings = {
				BUNDLE_LOADER = "$(TEST_HOST)";
				INFOPLIST_FILE = ThreeDayTests/Info.plist;
				LD_RUNPATH_SEARCH_PATHS = "$(inherited) @executable_path/Frameworks @loader_path/Frameworks";
				PRODUCT_BUNDLE_IDENTIFIER = YY.cn.ThreeDayTests;
				PRODUCT_NAME = RunTimeDemo;
				TEST_HOST = "$(BUILT_PRODUCTS_DIR)/RunTimeDemo.app/RunTimeDemo";
			};
			name = Release;
		};
		1B8F71BF1D71E6D900D19E85 /* Debug */ = {
			isa = XCBuildConfiguration;
			buildSettings = {
				INFOPLIST_FILE = ThreeDayUITests/Info.plist;
				LD_RUNPATH_SEARCH_PATHS = "$(inherited) @executable_path/Frameworks @loader_path/Frameworks";
				PRODUCT_BUNDLE_IDENTIFIER = YY.cn.ThreeDayUITests;
				PRODUCT_NAME = RunTimeDemo;
				TEST_TARGET_NAME = ThreeDay;
			};
			name = Debug;
		};
		1B8F71C01D71E6D900D19E85 /* Release */ = {
			isa = XCBuildConfiguration;
			buildSettings = {
				INFOPLIST_FILE = ThreeDayUITests/Info.plist;
				LD_RUNPATH_SEARCH_PATHS = "$(inherited) @executable_path/Frameworks @loader_path/Frameworks";
				PRODUCT_BUNDLE_IDENTIFIER = YY.cn.ThreeDayUITests;
				PRODUCT_NAME = RunTimeDemo;
				TEST_TARGET_NAME = ThreeDay;
			};
			name = Release;
		};
/* End XCBuildConfiguration section */

/* Begin XCConfigurationList section */
		1B8F71861D71E6D900D19E85 /* Build configuration list for PBXProject "RunTimeDemo" */ = {
			isa = XCConfigurationList;
			buildConfigurations = (
				1B8F71B61D71E6D900D19E85 /* Debug */,
				1B8F71B71D71E6D900D19E85 /* Release */,
			);
			defaultConfigurationIsVisible = 0;
			defaultConfigurationName = Release;
		};
		1B8F71B81D71E6D900D19E85 /* Build configuration list for PBXNativeTarget "RunTimeDemo" */ = {
			isa = XCConfigurationList;
			buildConfigurations = (
				1B8F71B91D71E6D900D19E85 /* Debug */,
				1B8F71BA1D71E6D900D19E85 /* Release */,
			);
			defaultConfigurationIsVisible = 0;
			defaultConfigurationName = Release;
		};
		1B8F71BB1D71E6D900D19E85 /* Build configuration list for PBXNativeTarget "RunTimeDemoTests" */ = {
			isa = XCConfigurationList;
			buildConfigurations = (
				1B8F71BC1D71E6D900D19E85 /* Debug */,
				1B8F71BD1D71E6D900D19E85 /* Release */,
			);
			defaultConfigurationIsVisible = 0;
			defaultConfigurationName = Release;
		};
		1B8F71BE1D71E6D900D19E85 /* Build configuration list for PBXNativeTarget "RunTimeDemoUITests" */ = {
			isa = XCConfigurationList;
			buildConfigurations = (
				1B8F71BF1D71E6D900D19E85 /* Debug */,
				1B8F71C01D71E6D900D19E85 /* Release */,
			);
			defaultConfigurationIsVisible = 0;
			defaultConfigurationName = Release;
		};
/* End XCConfigurationList section */
	};
	rootObject = 1B8F71831D71E6D900D19E85 /* Project object */;
}
